
Microsoft Visual Studio Solution File, Format Version 12.00
# Visual Studio 2013
VisualStudioVersion = 12.0.40629.0
MinimumVisualStudioVersion = 10.0.40219.1
Project("{FAE04EC0-301F-11D3-BF4B-00C04F79EFBC}") = "InversionOfControlExample", "InversionOfControlExample\InversionOfControlExample.csproj", "{5CE68224-B013-44DD-905C-C79DB9A02379}"
EndProject
Project("{FAE04EC0-301F-11D3-BF4B-00C04F79EFBC}") = "IOC.Tests", "IOC.Tests\IOC.Tests.csproj", "{722BCFA4-0901-43CF-8923-1BD9981322A2}"
EndProject
Global
	GlobalSection(SolutionConfigurationPlatforms) = preSolution
		Debug|Any CPU = Debug|Any CPU
		Release|Any CPU = Release|Any CPU
	EndGlobalSection
	GlobalSection(ProjectConfigurationPlatforms) = postSolution
		{5CE68224-B013-44DD-905C-C79DB9A02379}.Debug|Any CPU.ActiveCfg = Debug|Any CPU
		{5CE68224-B013-44DD-905C-C79DB9A02379}.Debug|Any CPU.Build.0 = Debug|Any CPU
		{5CE68224-B013-44DD-905C-C79DB9A02379}.Release|Any CPU.ActiveCfg = Release|Any CPU
		{5CE68224-B013-44DD-905C-C79DB9A02379}.Release|Any CPU.Build.0 = Release|Any CPU
		{722BCFA4-0901-43CF-8923-1BD9981322A2}.Debug|Any CPU.ActiveCfg = Debug|Any CPU
		{722BCFA4-0901-43CF-8923-1BD9981322A2}.Debug|Any CPU.Build.0 = Debug|Any CPU
		{722BCFA4-0901-43CF-8923-1BD9981322A2}.Release|Any CPU.ActiveCfg = Release|Any CPU
		{722BCFA4-0901-43CF-8923-1BD9981322A2}.Release|Any CPU.Build.0 = Release|Any CPU
	EndGlobalSection
	GlobalSection(SolutionProperties) = preSolution
		HideSolutionNode = FALSE
	EndGlobalSection
EndGlobal
